# THIS IS AN AUTOGENERATED FILE. DO NOT EDIT THIS FILE DIRECTLY.
# yarn lockfile v1


"@types/cytoscape@^3.8.0":
  version "3.8.2"
  resolved "https://registry.yarnpkg.com/@types/cytoscape/-/cytoscape-3.8.2.tgz#428e85e12fb8dba94b05b1b1a8b04fd6f91b9c2d"
  integrity sha512-b9n8dwMnU+64++Vky7bfab3Fod6JRbhZRrRJgnyKd03sh/vgNYHsq9N3W1MlU32d3AanxWUDH/1+jC+l5V9BeQ==

core-js@^2.6.5:
  version "2.6.9"
  resolved "https://registry.yarnpkg.com/core-js/-/core-js-2.6.9.tgz#6b4b214620c834152e179323727fc19741b084f2"
  integrity sha512-HOpZf6eXmnl7la+cUdMnLvUxKNqLUzJvgIziQ0DiF3JwSImNphIqdGqzj6hIKyX04MmV0poclQ7+wjWvxQyR2A==

cytoscape@^3.8.1:
  version "3.11.0"
  resolved "https://registry.yarnpkg.com/cytoscape/-/cytoscape-3.11.0.tgz#c5fca7c8b3a01ba24b4d7b8f3eddb1e99d395ed3"
  integrity sha512-xA9S5UiTjwFwZjxZCTIJjDU5ef2XSqw+/gk+bLcqdOZ496EoPSfnbozGRnKZhxKIVT++NNyWtT7fW1eLU7denQ==
  dependencies:
    heap "^0.2.6"
    lodash.debounce "^4.0.8"

eslint-plugin-prettier@^3.1.0:
  version "3.1.1"
  resolved "https://registry.yarnpkg.com/eslint-plugin-prettier/-/eslint-plugin-prettier-3.1.1.tgz#507b8562410d02a03f0ddc949c616f877852f2ba"
  integrity sha512-A+TZuHZ0KU0cnn56/9mfR7/KjUJ9QNVXUhwvRFSR7PGPe0zQR6PTkmyqg1AtUUEOzTqeRsUwyKFh0oVZKVCrtA==
  dependencies:
    prettier-linter-helpers "^1.0.0"

fast-diff@^1.1.2:
  version "1.2.0"
  resolved "https://registry.yarnpkg.com/fast-diff/-/fast-diff-1.2.0.tgz#73ee11982d86caaf7959828d519cfe927fac5f03"
  integrity sha512-xJuoT5+L99XlZ8twedaRf6Ax2TgQVxvgZOYoPKqZufmJib0tL2tegPBOZb1pVNgIhlqDlA0eO0c3wBvQcmzx4w==

heap@^0.2.6:
  version "0.2.6"
  resolved "https://registry.yarnpkg.com/heap/-/heap-0.2.6.tgz#087e1f10b046932fc8594dd9e6d378afc9d1e5ac"
  integrity sha1-CH4fELBGky/IWU3Z5tN4r8nR5aw=

lodash.debounce@^4.0.8:
  version "4.0.8"
  resolved "https://registry.yarnpkg.com/lodash.debounce/-/lodash.debounce-4.0.8.tgz#82d79bff30a67c4005ffd5e2515300ad9ca4d7af"
  integrity sha1-gteb/zCmfEAF/9XiUVMArZyk168=

prettier-linter-helpers@^1.0.0:
  version "1.0.0"
  resolved "https://registry.yarnpkg.com/prettier-linter-helpers/-/prettier-linter-helpers-1.0.0.tgz#d23d41fe1375646de2d0104d3454a3008802cf7b"
  integrity sha512-GbK2cP9nraSSUF9N2XwUwqfzlAFlMNYYl+ShE/V+H8a9uNl/oUqB1w2EL54Jh0OlyRSd8RfWYJ3coVS4TROP2w==
  dependencies:
    fast-diff "^1.1.2"

vue-class-component@^7.0.1, vue-class-component@^7.0.2:
  version "7.1.0"
  resolved "https://registry.yarnpkg.com/vue-class-component/-/vue-class-component-7.1.0.tgz#b33efcb10e17236d684f70b1e96f1946ec793e87"
  integrity sha512-G9152NzUkz0i0xTfhk0Afc8vzdXxDR1pfN4dTwE72cskkgJtdXfrKBkMfGvDuxUh35U500g5Ve4xL8PEGdWeHg==

vue-cytoscape@^1.0.4:
  version "1.0.4"
  resolved "https://registry.yarnpkg.com/vue-cytoscape/-/vue-cytoscape-1.0.4.tgz#8eec3b90ba4d2bbd22ff3696518f6f37e114b792"
  integrity sha512-69mDqF9HRZw+Xjjau6HmRrkbzwJMl6I12kFIGR7jcy5+2RABhd3si75djjBDx9Sv49AQTKxEgSVg9HHiocpDVQ==
  dependencies:
    "@types/cytoscape" "^3.8.0"
    core-js "^2.6.5"
    cytoscape "^3.8.1"
    eslint-plugin-prettier "^3.1.0"
    vue "^2.6.10"
    vue-class-component "^7.0.2"
    vue-property-decorator "^8.1.0"

vue-property-decorator@^8.1.0:
  version "8.2.2"
  resolved "https://registry.yarnpkg.com/vue-property-decorator/-/vue-property-decorator-8.2.2.tgz#ac895e9508ee1bf86e3a28568d94d842c2c8e42f"
  integrity sha512-3gRrIeoUtjXvkoMX2stJsVs7805Pa9MXEndnk21ej+sWO7AIc5HF1TKqK0Pox5TEjpO02UbadIF0QWNrx6ZwXQ==
  dependencies:
    vue-class-component "^7.0.1"

vue@^2.6.10:
  version "2.6.10"
  resolved "https://registry.yarnpkg.com/vue/-/vue-2.6.10.tgz#a72b1a42a4d82a721ea438d1b6bf55e66195c637"
  integrity sha512-ImThpeNU9HbdZL3utgMCq0oiMzAkt1mcgy3/E6zWC/G6AaQoeuFdsl9nDhTDU3X1R6FK7nsIUuRACVcjI+A2GQ==
